
Microsoft Visual Studio Solution File, Format Version 12.00
# Visual Studio 15
Project("{FAE04EC0-301F-11D3-BF4B-00C04F79EFBC}") = "Assembly-CSharp", "Assembly-CSharp.csproj", "{CBA84BB1-6F94-C1E5-D01B-F5ABC4B8FACD}"
EndProject
Global
	GlobalSection(SolutionConfigurationPlatforms) = preSolution
		Debug|Any CPU = Debug|Any CPU
		Release|Any CPU = Release|Any CPU
	EndGlobalSection
	GlobalSection(ProjectConfigurationPlatforms) = postSolution
		{CBA84BB1-6F94-C1E5-D01B-F5ABC4B8FACD}.Debug|Any CPU.ActiveCfg = Debug|Any CPU
		{CBA84BB1-6F94-C1E5-D01B-F5ABC4B8FACD}.Debug|Any CPU.Build.0 = Debug|Any CPU
		{CBA84BB1-6F94-C1E5-D01B-F5ABC4B8FACD}.Release|Any CPU.ActiveCfg = Release|Any CPU
		{CBA84BB1-6F94-C1E5-D01B-F5ABC4B8FACD}.Release|Any CPU.Build.0 = Release|Any CPU
	EndGlobalSection
	GlobalSection(SolutionProperties) = preSolution
		HideSolutionNode = FALSE
	EndGlobalSection
EndGlobal
